
Microsoft Visual Studio Solution File, Format Version 12.00
Project("{2150E333-8FDC-42A3-9474-1A3956D46DE8}") = "src", "src", "{EC800552-1101-486C-8E0D-B73E09A8535E}"
EndProject
Project("{2150E333-8FDC-42A3-9474-1A3956D46DE8}") = "apps", "apps", "{0E31F762-74B8-422D-8429-88C2CFDEEC8E}"
EndProject
Project("{2150E333-8FDC-42A3-9474-1A3956D46DE8}") = "test", "test", "{B4BC4293-A39A-496F-8EEE-C31EA0BF6A8B}"
EndProject
Project("{FAE04EC0-301F-11D3-BF4B-00C04F79EFBC}") = "Shared", "src\Shared\Shared.csproj", "{7C56CC2E-468B-4FD9-9D0B-62A88F11911C}"
EndProject
Project("{FAE04EC0-301F-11D3-BF4B-00C04F79EFBC}") = "Electrimax", "src\Electrimax\Electrimax.csproj", "{A1C75B92-7936-48D1-9C3A-1FA904ECF7F3}"
EndProject
Project("{FAE04EC0-301F-11D3-BF4B-00C04F79EFBC}") = "Electrimax.Api", "apps\Electrimax.Api\Electrimax.Api.csproj", "{DA258B58-2CBB-46BF-B6E6-024AE50654F0}"
EndProject
Project("{2150E333-8FDC-42A3-9474-1A3956D46DE8}") = "src", "src", "{DFA2C640-149E-481D-A360-B64529A56447}"
EndProject
Project("{2150E333-8FDC-42A3-9474-1A3956D46DE8}") = "apps", "apps", "{28DF9D57-4D56-4C34-A6E3-82D75B728E32}"
EndProject
Project("{FAE04EC0-301F-11D3-BF4B-00C04F79EFBC}") = "Electrimax.Test", "test\src\Electrimax.Test\Electrimax.Test.csproj", "{1A5E683C-4D2D-4D9D-A523-0B435CA577B2}"
EndProject
Project("{FAE04EC0-301F-11D3-BF4B-00C04F79EFBC}") = "Electrimax.Api.Test", "test\apps\Electrimax.Api.Test\Electrimax.Api.Test.csproj", "{FDE00003-4417-42C0-B9BF-155E77B53404}"
EndProject
Global
	GlobalSection(SolutionConfigurationPlatforms) = preSolution
		Debug|Any CPU = Debug|Any CPU
		Release|Any CPU = Release|Any CPU
	EndGlobalSection
	GlobalSection(NestedProjects) = preSolution
		{7C56CC2E-468B-4FD9-9D0B-62A88F11911C} = {EC800552-1101-486C-8E0D-B73E09A8535E}
		{A1C75B92-7936-48D1-9C3A-1FA904ECF7F3} = {EC800552-1101-486C-8E0D-B73E09A8535E}
		{DA258B58-2CBB-46BF-B6E6-024AE50654F0} = {0E31F762-74B8-422D-8429-88C2CFDEEC8E}
		{DFA2C640-149E-481D-A360-B64529A56447} = {B4BC4293-A39A-496F-8EEE-C31EA0BF6A8B}
		{28DF9D57-4D56-4C34-A6E3-82D75B728E32} = {B4BC4293-A39A-496F-8EEE-C31EA0BF6A8B}
		{1A5E683C-4D2D-4D9D-A523-0B435CA577B2} = {DFA2C640-149E-481D-A360-B64529A56447}
		{FDE00003-4417-42C0-B9BF-155E77B53404} = {28DF9D57-4D56-4C34-A6E3-82D75B728E32}
	EndGlobalSection
	GlobalSection(ProjectConfigurationPlatforms) = postSolution
		{7C56CC2E-468B-4FD9-9D0B-62A88F11911C}.Debug|Any CPU.ActiveCfg = Debug|Any CPU
		{7C56CC2E-468B-4FD9-9D0B-62A88F11911C}.Debug|Any CPU.Build.0 = Debug|Any CPU
		{7C56CC2E-468B-4FD9-9D0B-62A88F11911C}.Release|Any CPU.ActiveCfg = Release|Any CPU
		{7C56CC2E-468B-4FD9-9D0B-62A88F11911C}.Release|Any CPU.Build.0 = Release|Any CPU
		{A1C75B92-7936-48D1-9C3A-1FA904ECF7F3}.Debug|Any CPU.ActiveCfg = Debug|Any CPU
		{A1C75B92-7936-48D1-9C3A-1FA904ECF7F3}.Debug|Any CPU.Build.0 = Debug|Any CPU
		{A1C75B92-7936-48D1-9C3A-1FA904ECF7F3}.Release|Any CPU.ActiveCfg = Release|Any CPU
		{A1C75B92-7936-48D1-9C3A-1FA904ECF7F3}.Release|Any CPU.Build.0 = Release|Any CPU
		{DA258B58-2CBB-46BF-B6E6-024AE50654F0}.Debug|Any CPU.ActiveCfg = Debug|Any CPU
		{DA258B58-2CBB-46BF-B6E6-024AE50654F0}.Debug|Any CPU.Build.0 = Debug|Any CPU
		{DA258B58-2CBB-46BF-B6E6-024AE50654F0}.Release|Any CPU.ActiveCfg = Release|Any CPU
		{DA258B58-2CBB-46BF-B6E6-024AE50654F0}.Release|Any CPU.Build.0 = Release|Any CPU
		{1A5E683C-4D2D-4D9D-A523-0B435CA577B2}.Debug|Any CPU.ActiveCfg = Debug|Any CPU
		{1A5E683C-4D2D-4D9D-A523-0B435CA577B2}.Debug|Any CPU.Build.0 = Debug|Any CPU
		{1A5E683C-4D2D-4D9D-A523-0B435CA577B2}.Release|Any CPU.ActiveCfg = Release|Any CPU
		{1A5E683C-4D2D-4D9D-A523-0B435CA577B2}.Release|Any CPU.Build.0 = Release|Any CPU
		{FDE00003-4417-42C0-B9BF-155E77B53404}.Debug|Any CPU.ActiveCfg = Debug|Any CPU
		{FDE00003-4417-42C0-B9BF-155E77B53404}.Debug|Any CPU.Build.0 = Debug|Any CPU
		{FDE00003-4417-42C0-B9BF-155E77B53404}.Release|Any CPU.ActiveCfg = Release|Any CPU
		{FDE00003-4417-42C0-B9BF-155E77B53404}.Release|Any CPU.Build.0 = Release|Any CPU
	EndGlobalSection
EndGlobal
